
Microsoft Visual Studio Solution File, Format Version 12.00
# Visual Studio Version 17
VisualStudioVersion = 17.0.31903.59
MinimumVisualStudioVersion = 10.0.40219.1
Project("{FAE04EC0-301F-11D3-BF4B-00C04F79EFBC}") = "StudentManagementTests", "StudentManagementTests\StudentManagementTests.csproj", "{A9509D45-9146-4CF8-A207-47A49E3E4C8B}"
EndProject
Project("{FAE04EC0-301F-11D3-BF4B-00C04F79EFBC}") = "StudentManagement", "StudentManagement\StudentManagement.csproj", "{DE5FBBE9-3DD6-462F-95AF-460A95783720}"
EndProject
Global
	GlobalSection(SolutionConfigurationPlatforms) = preSolution
		Debug|Any CPU = Debug|Any CPU
		Release|Any CPU = Release|Any CPU
	EndGlobalSection
	GlobalSection(SolutionProperties) = preSolution
		HideSolutionNode = FALSE
	EndGlobalSection
	GlobalSection(ProjectConfigurationPlatforms) = postSolution
		{A9509D45-9146-4CF8-A207-47A49E3E4C8B}.Debug|Any CPU.ActiveCfg = Debug|Any CPU
		{A9509D45-9146-4CF8-A207-47A49E3E4C8B}.Debug|Any CPU.Build.0 = Debug|Any CPU
		{A9509D45-9146-4CF8-A207-47A49E3E4C8B}.Release|Any CPU.ActiveCfg = Release|Any CPU
		{A9509D45-9146-4CF8-A207-47A49E3E4C8B}.Release|Any CPU.Build.0 = Release|Any CPU
		{DE5FBBE9-3DD6-462F-95AF-460A95783720}.Debug|Any CPU.ActiveCfg = Debug|Any CPU
		{DE5FBBE9-3DD6-462F-95AF-460A95783720}.Debug|Any CPU.Build.0 = Debug|Any CPU
		{DE5FBBE9-3DD6-462F-95AF-460A95783720}.Release|Any CPU.ActiveCfg = Release|Any CPU
		{DE5FBBE9-3DD6-462F-95AF-460A95783720}.Release|Any CPU.Build.0 = Release|Any CPU
	EndGlobalSection
EndGlobal
